
Microsoft Visual Studio Solution File, Format Version 12.00
# Visual Studio 14
VisualStudioVersion = 14.0.25420.1
MinimumVisualStudioVersion = 10.0.40219.1
Project("{FAE04EC0-301F-11D3-BF4B-00C04F79EFBC}") = "DelegatePractice", "ConsoleApplication5\DelegatePractice.csproj", "{85DF5D40-41D3-4578-9093-AEBB875BCDB8}"
EndProject
Project("{FAE04EC0-301F-11D3-BF4B-00C04F79EFBC}") = "DelegateBubbleSorter", "DelegateBubbleSorter\DelegateBubbleSorter.csproj", "{54669B3E-0C1A-43BF-9215-48D7A70D5C4E}"
EndProject
Project("{FAE04EC0-301F-11D3-BF4B-00C04F79EFBC}") = "WindowsFormsEvent", "WindowsFormsApplication1\WindowsFormsEvent.csproj", "{5ECE72B6-91EF-4038-AD6D-E4BAD3C1F0BC}"
EndProject
Project("{FAE04EC0-301F-11D3-BF4B-00C04F79EFBC}") = "RegexTest", "RegexTest\RegexTest.csproj", "{71736097-57E4-4CDF-B0C0-56E8B16E6859}"
EndProject
Project("{FAE04EC0-301F-11D3-BF4B-00C04F79EFBC}") = "GenericsPractices", "DocumentManager\GenericsPractices.csproj", "{04B7F800-5CEC-4CDC-88D1-FFCCBBED858A}"
EndProject
Project("{FAE04EC0-301F-11D3-BF4B-00C04F79EFBC}") = "CollectionPractices", "CollectionPractices\CollectionPractices.csproj", "{E855B0D4-4570-4798-A0BF-19E4FABBBFFB}"
EndProject
Project("{FAE04EC0-301F-11D3-BF4B-00C04F79EFBC}") = "VerifySpecialFile", "VerifySpecialFile\VerifySpecialFile.csproj", "{18114DF0-342A-486E-A3DD-C20E2DDB08C1}"
EndProject
Project("{FAE04EC0-301F-11D3-BF4B-00C04F79EFBC}") = "GetRegeditKey", "GetRegeditKey\GetRegeditKey.csproj", "{3809FA53-551F-417D-A45A-B84101D1B0DB}"
EndProject
Project("{FAE04EC0-301F-11D3-BF4B-00C04F79EFBC}") = "UIATest", "UIATest\UIATest.csproj", "{9D2036BC-6554-4E49-9B30-D36516051764}"
EndProject
Project("{FAE04EC0-301F-11D3-BF4B-00C04F79EFBC}") = "Stream", "Stream\Stream.csproj", "{F702284A-9DF9-4296-997B-997DA7CB436F}"
EndProject
Project("{FAE04EC0-301F-11D3-BF4B-00C04F79EFBC}") = "DownLoadFileTool", "DownLoadFileTool\DownLoadFileTool.csproj", "{871D817E-948B-4D4E-B127-A499F20FD43D}"
EndProject
Project("{FAE04EC0-301F-11D3-BF4B-00C04F79EFBC}") = "Reflection", "Reflection\Reflection.csproj", "{65E655CC-1037-4645-B331-C238D3D8D1F9}"
EndProject
Global
	GlobalSection(SolutionConfigurationPlatforms) = preSolution
		Debug|Any CPU = Debug|Any CPU
		Release|Any CPU = Release|Any CPU
	EndGlobalSection
	GlobalSection(ProjectConfigurationPlatforms) = postSolution
		{85DF5D40-41D3-4578-9093-AEBB875BCDB8}.Debug|Any CPU.ActiveCfg = Debug|Any CPU
		{85DF5D40-41D3-4578-9093-AEBB875BCDB8}.Debug|Any CPU.Build.0 = Debug|Any CPU
		{85DF5D40-41D3-4578-9093-AEBB875BCDB8}.Release|Any CPU.ActiveCfg = Release|Any CPU
		{85DF5D40-41D3-4578-9093-AEBB875BCDB8}.Release|Any CPU.Build.0 = Release|Any CPU
		{54669B3E-0C1A-43BF-9215-48D7A70D5C4E}.Debug|Any CPU.ActiveCfg = Debug|Any CPU
		{54669B3E-0C1A-43BF-9215-48D7A70D5C4E}.Debug|Any CPU.Build.0 = Debug|Any CPU
		{54669B3E-0C1A-43BF-9215-48D7A70D5C4E}.Release|Any CPU.ActiveCfg = Release|Any CPU
		{54669B3E-0C1A-43BF-9215-48D7A70D5C4E}.Release|Any CPU.Build.0 = Release|Any CPU
		{5ECE72B6-91EF-4038-AD6D-E4BAD3C1F0BC}.Debug|Any CPU.ActiveCfg = Debug|Any CPU
		{5ECE72B6-91EF-4038-AD6D-E4BAD3C1F0BC}.Debug|Any CPU.Build.0 = Debug|Any CPU
		{5ECE72B6-91EF-4038-AD6D-E4BAD3C1F0BC}.Release|Any CPU.ActiveCfg = Release|Any CPU
		{5ECE72B6-91EF-4038-AD6D-E4BAD3C1F0BC}.Release|Any CPU.Build.0 = Release|Any CPU
		{71736097-57E4-4CDF-B0C0-56E8B16E6859}.Debug|Any CPU.ActiveCfg = Debug|Any CPU
		{71736097-57E4-4CDF-B0C0-56E8B16E6859}.Debug|Any CPU.Build.0 = Debug|Any CPU
		{71736097-57E4-4CDF-B0C0-56E8B16E6859}.Release|Any CPU.ActiveCfg = Release|Any CPU
		{71736097-57E4-4CDF-B0C0-56E8B16E6859}.Release|Any CPU.Build.0 = Release|Any CPU
		{04B7F800-5CEC-4CDC-88D1-FFCCBBED858A}.Debug|Any CPU.ActiveCfg = Debug|Any CPU
		{04B7F800-5CEC-4CDC-88D1-FFCCBBED858A}.Debug|Any CPU.Build.0 = Debug|Any CPU
		{04B7F800-5CEC-4CDC-88D1-FFCCBBED858A}.Release|Any CPU.ActiveCfg = Release|Any CPU
		{04B7F800-5CEC-4CDC-88D1-FFCCBBED858A}.Release|Any CPU.Build.0 = Release|Any CPU
		{E855B0D4-4570-4798-A0BF-19E4FABBBFFB}.Debug|Any CPU.ActiveCfg = Debug|Any CPU
		{E855B0D4-4570-4798-A0BF-19E4FABBBFFB}.Debug|Any CPU.Build.0 = Debug|Any CPU
		{E855B0D4-4570-4798-A0BF-19E4FABBBFFB}.Release|Any CPU.ActiveCfg = Release|Any CPU
		{E855B0D4-4570-4798-A0BF-19E4FABBBFFB}.Release|Any CPU.Build.0 = Release|Any CPU
		{18114DF0-342A-486E-A3DD-C20E2DDB08C1}.Debug|Any CPU.ActiveCfg = Debug|Any CPU
		{18114DF0-342A-486E-A3DD-C20E2DDB08C1}.Debug|Any CPU.Build.0 = Debug|Any CPU
		{18114DF0-342A-486E-A3DD-C20E2DDB08C1}.Release|Any CPU.ActiveCfg = Release|Any CPU
		{18114DF0-342A-486E-A3DD-C20E2DDB08C1}.Release|Any CPU.Build.0 = Release|Any CPU
		{3809FA53-551F-417D-A45A-B84101D1B0DB}.Debug|Any CPU.ActiveCfg = Debug|Any CPU
		{3809FA53-551F-417D-A45A-B84101D1B0DB}.Debug|Any CPU.Build.0 = Debug|Any CPU
		{3809FA53-551F-417D-A45A-B84101D1B0DB}.Release|Any CPU.ActiveCfg = Release|Any CPU
		{3809FA53-551F-417D-A45A-B84101D1B0DB}.Release|Any CPU.Build.0 = Release|Any CPU
		{9D2036BC-6554-4E49-9B30-D36516051764}.Debug|Any CPU.ActiveCfg = Debug|Any CPU
		{9D2036BC-6554-4E49-9B30-D36516051764}.Debug|Any CPU.Build.0 = Debug|Any CPU
		{9D2036BC-6554-4E49-9B30-D36516051764}.Release|Any CPU.ActiveCfg = Release|Any CPU
		{9D2036BC-6554-4E49-9B30-D36516051764}.Release|Any CPU.Build.0 = Release|Any CPU
		{F702284A-9DF9-4296-997B-997DA7CB436F}.Debug|Any CPU.ActiveCfg = Debug|Any CPU
		{F702284A-9DF9-4296-997B-997DA7CB436F}.Debug|Any CPU.Build.0 = Debug|Any CPU
		{F702284A-9DF9-4296-997B-997DA7CB436F}.Release|Any CPU.ActiveCfg = Release|Any CPU
		{F702284A-9DF9-4296-997B-997DA7CB436F}.Release|Any CPU.Build.0 = Release|Any CPU
		{871D817E-948B-4D4E-B127-A499F20FD43D}.Debug|Any CPU.ActiveCfg = Debug|Any CPU
		{871D817E-948B-4D4E-B127-A499F20FD43D}.Debug|Any CPU.Build.0 = Debug|Any CPU
		{871D817E-948B-4D4E-B127-A499F20FD43D}.Release|Any CPU.ActiveCfg = Release|Any CPU
		{871D817E-948B-4D4E-B127-A499F20FD43D}.Release|Any CPU.Build.0 = Release|Any CPU
		{65E655CC-1037-4645-B331-C238D3D8D1F9}.Debug|Any CPU.ActiveCfg = Debug|Any CPU
		{65E655CC-1037-4645-B331-C238D3D8D1F9}.Debug|Any CPU.Build.0 = Debug|Any CPU
		{65E655CC-1037-4645-B331-C238D3D8D1F9}.Release|Any CPU.ActiveCfg = Release|Any CPU
		{65E655CC-1037-4645-B331-C238D3D8D1F9}.Release|Any CPU.Build.0 = Release|Any CPU
	EndGlobalSection
	GlobalSection(SolutionProperties) = preSolution
		HideSolutionNode = FALSE
	EndGlobalSection
EndGlobal
